
Microsoft Visual Studio Solution File, Format Version 12.00
# Visual Studio Version 16
VisualStudioVersion = 16.0.30611.23
MinimumVisualStudioVersion = 10.0.40219.1
Project("{FAE04EC0-301F-11D3-BF4B-00C04F79EFBC}") = "ProjekatTS", "ProjekatTS\ProjekatTS.csproj", "{1C2A335C-4528-4A8A-BEB1-273A1787B7EF}"
EndProject
Global
	GlobalSection(SolutionConfigurationPlatforms) = preSolution
		Debug|Any CPU = Debug|Any CPU
		Release|Any CPU = Release|Any CPU
	EndGlobalSection
	GlobalSection(ProjectConfigurationPlatforms) = postSolution
		{1C2A335C-4528-4A8A-BEB1-273A1787B7EF}.Debug|Any CPU.ActiveCfg = Debug|Any CPU
		{1C2A335C-4528-4A8A-BEB1-273A1787B7EF}.Debug|Any CPU.Build.0 = Debug|Any CPU
		{1C2A335C-4528-4A8A-BEB1-273A1787B7EF}.Release|Any CPU.ActiveCfg = Release|Any CPU
		{1C2A335C-4528-4A8A-BEB1-273A1787B7EF}.Release|Any CPU.Build.0 = Release|Any CPU
	EndGlobalSection
	GlobalSection(SolutionProperties) = preSolution
		HideSolutionNode = FALSE
	EndGlobalSection
	GlobalSection(ExtensibilityGlobals) = postSolution
		SolutionGuid = {D007DBC7-ABE1-4A94-9ABE-25290FAFEC9C}
	EndGlobalSection
EndGlobal
